
Microsoft Visual Studio Solution File, Format Version 12.00
# Visual Studio Version 17
VisualStudioVersion = 17.14.36301.6
MinimumVisualStudioVersion = 10.0.40219.1
Project("{2150E333-8FDC-42A3-9474-1A3956D46DE8}") = "Services", "Services", "{02EA681E-C7D8-13C7-8484-4AC65E1B71E8}"
EndProject
Project("{2150E333-8FDC-42A3-9474-1A3956D46DE8}") = "BuildingBlocks", "BuildingBlocks", "{E57E0DDF-EB0E-4AB5-8FAE-6A556E94D0D2}"
EndProject
Project("{FAE04EC0-301F-11D3-BF4B-00C04F79EFBC}") = "BuildingBlocks", "src\BuildingBlocks\BuildingBlocks\BuildingBlocks.csproj", "{45585250-5742-41BD-BB89-98AE3CC5040B}"
EndProject
Project("{FAE04EC0-301F-11D3-BF4B-00C04F79EFBC}") = "Catalog.API", "Catalog.API\Catalog.API.csproj", "{E7668E38-F7DB-47D3-B071-BDC4F8CCF046}"
EndProject
Project("{E53339B2-1760-4266-BCC7-CA923CBCF16C}") = "docker-compose", "docker-compose.dcproj", "{81DDED9D-158B-E303-5F62-77A2896D2A5A}"
EndProject
Project("{2150E333-8FDC-42A3-9474-1A3956D46DE8}") = "Catalog", "Catalog", "{5BB7F581-4F78-4CF1-9A45-99AC44C3DD17}"
EndProject
Project("{2150E333-8FDC-42A3-9474-1A3956D46DE8}") = "Basket", "Basket", "{2474BC32-1EC0-4CE9-AE59-4F20551EE28E}"
EndProject
Project("{FAE04EC0-301F-11D3-BF4B-00C04F79EFBC}") = "Basket.API", "Basket.API\Basket.API.csproj", "{2CBDA60E-2488-41D0-BF78-CD384AD7E7BC}"
EndProject
Project("{2150E333-8FDC-42A3-9474-1A3956D46DE8}") = "Discount", "Discount", "{8C65C932-5819-45B0-84B4-A033C3C4CD49}"
EndProject
Project("{FAE04EC0-301F-11D3-BF4B-00C04F79EFBC}") = "Discount.Grpc", "Discount\Discount.Grpc\Discount.Grpc.csproj", "{F83754E2-8D8E-4380-ADDC-935412FB94CC}"
EndProject
Project("{2150E333-8FDC-42A3-9474-1A3956D46DE8}") = "Ordering", "Ordering", "{2CC123B5-2D58-4807-BB9B-248FDA12E192}"
EndProject
Project("{FAE04EC0-301F-11D3-BF4B-00C04F79EFBC}") = "Ordering.API", "Ordering\Ordering.API\Ordering.API.csproj", "{E9758DFF-A415-448E-B2F3-28C46AFC4D80}"
EndProject
Project("{FAE04EC0-301F-11D3-BF4B-00C04F79EFBC}") = "Ordering.Application", "Ordering\Ordering.Application\Ordering.Application.csproj", "{96C463E2-905C-4805-82AD-99A05A85EE0A}"
EndProject
Project("{FAE04EC0-301F-11D3-BF4B-00C04F79EFBC}") = "Ordering.Domain", "Ordering\Ordering.Domain\Ordering.Domain.csproj", "{333307AC-5AA6-4E69-9EFA-620A426A147E}"
EndProject
Project("{FAE04EC0-301F-11D3-BF4B-00C04F79EFBC}") = "Ordering.Infrastructure", "Ordering\Ordering.Infrastructure\Ordering.Infrastructure.csproj", "{F053CAE4-DE2A-4C89-AA5E-81138E20AF25}"
EndProject
Global
	GlobalSection(SolutionConfigurationPlatforms) = preSolution
		Debug|Any CPU = Debug|Any CPU
		Release|Any CPU = Release|Any CPU
	EndGlobalSection
	GlobalSection(ProjectConfigurationPlatforms) = postSolution
		{45585250-5742-41BD-BB89-98AE3CC5040B}.Debug|Any CPU.ActiveCfg = Debug|Any CPU
		{45585250-5742-41BD-BB89-98AE3CC5040B}.Debug|Any CPU.Build.0 = Debug|Any CPU
		{45585250-5742-41BD-BB89-98AE3CC5040B}.Release|Any CPU.ActiveCfg = Release|Any CPU
		{45585250-5742-41BD-BB89-98AE3CC5040B}.Release|Any CPU.Build.0 = Release|Any CPU
		{E7668E38-F7DB-47D3-B071-BDC4F8CCF046}.Debug|Any CPU.ActiveCfg = Debug|Any CPU
		{E7668E38-F7DB-47D3-B071-BDC4F8CCF046}.Debug|Any CPU.Build.0 = Debug|Any CPU
		{E7668E38-F7DB-47D3-B071-BDC4F8CCF046}.Release|Any CPU.ActiveCfg = Release|Any CPU
		{E7668E38-F7DB-47D3-B071-BDC4F8CCF046}.Release|Any CPU.Build.0 = Release|Any CPU
		{81DDED9D-158B-E303-5F62-77A2896D2A5A}.Debug|Any CPU.ActiveCfg = Debug|Any CPU
		{81DDED9D-158B-E303-5F62-77A2896D2A5A}.Debug|Any CPU.Build.0 = Debug|Any CPU
		{81DDED9D-158B-E303-5F62-77A2896D2A5A}.Release|Any CPU.ActiveCfg = Release|Any CPU
		{81DDED9D-158B-E303-5F62-77A2896D2A5A}.Release|Any CPU.Build.0 = Release|Any CPU
		{2CBDA60E-2488-41D0-BF78-CD384AD7E7BC}.Debug|Any CPU.ActiveCfg = Debug|Any CPU
		{2CBDA60E-2488-41D0-BF78-CD384AD7E7BC}.Debug|Any CPU.Build.0 = Debug|Any CPU
		{2CBDA60E-2488-41D0-BF78-CD384AD7E7BC}.Release|Any CPU.ActiveCfg = Release|Any CPU
		{2CBDA60E-2488-41D0-BF78-CD384AD7E7BC}.Release|Any CPU.Build.0 = Release|Any CPU
		{F83754E2-8D8E-4380-ADDC-935412FB94CC}.Debug|Any CPU.ActiveCfg = Debug|Any CPU
		{F83754E2-8D8E-4380-ADDC-935412FB94CC}.Debug|Any CPU.Build.0 = Debug|Any CPU
		{F83754E2-8D8E-4380-ADDC-935412FB94CC}.Release|Any CPU.ActiveCfg = Release|Any CPU
		{F83754E2-8D8E-4380-ADDC-935412FB94CC}.Release|Any CPU.Build.0 = Release|Any CPU
		{E9758DFF-A415-448E-B2F3-28C46AFC4D80}.Debug|Any CPU.ActiveCfg = Debug|Any CPU
		{E9758DFF-A415-448E-B2F3-28C46AFC4D80}.Debug|Any CPU.Build.0 = Debug|Any CPU
		{E9758DFF-A415-448E-B2F3-28C46AFC4D80}.Release|Any CPU.ActiveCfg = Release|Any CPU
		{E9758DFF-A415-448E-B2F3-28C46AFC4D80}.Release|Any CPU.Build.0 = Release|Any CPU
		{96C463E2-905C-4805-82AD-99A05A85EE0A}.Debug|Any CPU.ActiveCfg = Debug|Any CPU
		{96C463E2-905C-4805-82AD-99A05A85EE0A}.Debug|Any CPU.Build.0 = Debug|Any CPU
		{96C463E2-905C-4805-82AD-99A05A85EE0A}.Release|Any CPU.ActiveCfg = Release|Any CPU
		{96C463E2-905C-4805-82AD-99A05A85EE0A}.Release|Any CPU.Build.0 = Release|Any CPU
		{333307AC-5AA6-4E69-9EFA-620A426A147E}.Debug|Any CPU.ActiveCfg = Debug|Any CPU
		{333307AC-5AA6-4E69-9EFA-620A426A147E}.Debug|Any CPU.Build.0 = Debug|Any CPU
		{333307AC-5AA6-4E69-9EFA-620A426A147E}.Release|Any CPU.ActiveCfg = Release|Any CPU
		{333307AC-5AA6-4E69-9EFA-620A426A147E}.Release|Any CPU.Build.0 = Release|Any CPU
		{F053CAE4-DE2A-4C89-AA5E-81138E20AF25}.Debug|Any CPU.ActiveCfg = Debug|Any CPU
		{F053CAE4-DE2A-4C89-AA5E-81138E20AF25}.Debug|Any CPU.Build.0 = Debug|Any CPU
		{F053CAE4-DE2A-4C89-AA5E-81138E20AF25}.Release|Any CPU.ActiveCfg = Release|Any CPU
		{F053CAE4-DE2A-4C89-AA5E-81138E20AF25}.Release|Any CPU.Build.0 = Release|Any CPU
	EndGlobalSection
	GlobalSection(SolutionProperties) = preSolution
		HideSolutionNode = FALSE
	EndGlobalSection
	GlobalSection(NestedProjects) = preSolution
		{45585250-5742-41BD-BB89-98AE3CC5040B} = {E57E0DDF-EB0E-4AB5-8FAE-6A556E94D0D2}
		{E7668E38-F7DB-47D3-B071-BDC4F8CCF046} = {5BB7F581-4F78-4CF1-9A45-99AC44C3DD17}
		{5BB7F581-4F78-4CF1-9A45-99AC44C3DD17} = {02EA681E-C7D8-13C7-8484-4AC65E1B71E8}
		{2474BC32-1EC0-4CE9-AE59-4F20551EE28E} = {02EA681E-C7D8-13C7-8484-4AC65E1B71E8}
		{2CBDA60E-2488-41D0-BF78-CD384AD7E7BC} = {2474BC32-1EC0-4CE9-AE59-4F20551EE28E}
		{8C65C932-5819-45B0-84B4-A033C3C4CD49} = {02EA681E-C7D8-13C7-8484-4AC65E1B71E8}
		{F83754E2-8D8E-4380-ADDC-935412FB94CC} = {8C65C932-5819-45B0-84B4-A033C3C4CD49}
		{2CC123B5-2D58-4807-BB9B-248FDA12E192} = {02EA681E-C7D8-13C7-8484-4AC65E1B71E8}
		{E9758DFF-A415-448E-B2F3-28C46AFC4D80} = {2CC123B5-2D58-4807-BB9B-248FDA12E192}
		{96C463E2-905C-4805-82AD-99A05A85EE0A} = {2CC123B5-2D58-4807-BB9B-248FDA12E192}
		{333307AC-5AA6-4E69-9EFA-620A426A147E} = {2CC123B5-2D58-4807-BB9B-248FDA12E192}
		{F053CAE4-DE2A-4C89-AA5E-81138E20AF25} = {2CC123B5-2D58-4807-BB9B-248FDA12E192}
	EndGlobalSection
	GlobalSection(ExtensibilityGlobals) = postSolution
		SolutionGuid = {CBD1ED58-4E19-41C1-B561-7C86C8615560}
	EndGlobalSection
EndGlobal
